
Microsoft Visual Studio Solution File, Format Version 12.00
# Visual Studio Version 17
VisualStudioVersion = 17.10.35013.160
MinimumVisualStudioVersion = 10.0.40219.1
Project("{9A19103F-16F7-4668-BE54-9A1E7A4F7556}") = "DesignPatternsIntro", "DesignPatternsIntro\DesignPatternsIntro.csproj", "{57EC29D1-5C43-4599-9FAA-702AD1865B02}"
EndProject
Project("{2150E333-8FDC-42A3-9474-1A3956D46DE8}") = "SOLID", "SOLID", "{8E93025C-AA2A-4BB7-946C-0651B37578CC}"
EndProject
Project("{9A19103F-16F7-4668-BE54-9A1E7A4F7556}") = "SingleResponsibility", "SOLID\SingleResponsibility\SingleResponsibility.csproj", "{2A7C4865-072E-4857-8C76-1DD78E13E6C9}"
EndProject
Project("{9A19103F-16F7-4668-BE54-9A1E7A4F7556}") = "OpenClose", "SOLID\OpenClose\OpenClose.csproj", "{304AF65D-3674-445D-8D2C-B02B90EE3E0F}"
EndProject
Project("{9A19103F-16F7-4668-BE54-9A1E7A4F7556}") = "LiskovSubstitution", "SOLID\Liskov\LiskovSubstitution.csproj", "{62CDE7B9-319A-4686-91C9-4D1F47BB2C32}"
EndProject
Project("{9A19103F-16F7-4668-BE54-9A1E7A4F7556}") = "InterfaceSegregation", "SOLID\InterfaceSegregation\InterfaceSegregation.csproj", "{21ACDB60-6DAC-43E0-926B-9701D70C7CF8}"
EndProject
Project("{9A19103F-16F7-4668-BE54-9A1E7A4F7556}") = "DependencyInversion", "SOLID\DependencyInversion\DependencyInversion.csproj", "{1B3DABC4-2D8E-42FD-AEFB-ED49ADEEC89C}"
EndProject
Global
	GlobalSection(SolutionConfigurationPlatforms) = preSolution
		Debug|Any CPU = Debug|Any CPU
		Release|Any CPU = Release|Any CPU
	EndGlobalSection
	GlobalSection(ProjectConfigurationPlatforms) = postSolution
		{57EC29D1-5C43-4599-9FAA-702AD1865B02}.Debug|Any CPU.ActiveCfg = Debug|Any CPU
		{57EC29D1-5C43-4599-9FAA-702AD1865B02}.Debug|Any CPU.Build.0 = Debug|Any CPU
		{57EC29D1-5C43-4599-9FAA-702AD1865B02}.Release|Any CPU.ActiveCfg = Release|Any CPU
		{57EC29D1-5C43-4599-9FAA-702AD1865B02}.Release|Any CPU.Build.0 = Release|Any CPU
		{2A7C4865-072E-4857-8C76-1DD78E13E6C9}.Debug|Any CPU.ActiveCfg = Debug|Any CPU
		{2A7C4865-072E-4857-8C76-1DD78E13E6C9}.Debug|Any CPU.Build.0 = Debug|Any CPU
		{2A7C4865-072E-4857-8C76-1DD78E13E6C9}.Release|Any CPU.ActiveCfg = Release|Any CPU
		{2A7C4865-072E-4857-8C76-1DD78E13E6C9}.Release|Any CPU.Build.0 = Release|Any CPU
		{304AF65D-3674-445D-8D2C-B02B90EE3E0F}.Debug|Any CPU.ActiveCfg = Debug|Any CPU
		{304AF65D-3674-445D-8D2C-B02B90EE3E0F}.Debug|Any CPU.Build.0 = Debug|Any CPU
		{304AF65D-3674-445D-8D2C-B02B90EE3E0F}.Release|Any CPU.ActiveCfg = Release|Any CPU
		{304AF65D-3674-445D-8D2C-B02B90EE3E0F}.Release|Any CPU.Build.0 = Release|Any CPU
		{62CDE7B9-319A-4686-91C9-4D1F47BB2C32}.Debug|Any CPU.ActiveCfg = Debug|Any CPU
		{62CDE7B9-319A-4686-91C9-4D1F47BB2C32}.Debug|Any CPU.Build.0 = Debug|Any CPU
		{62CDE7B9-319A-4686-91C9-4D1F47BB2C32}.Release|Any CPU.ActiveCfg = Release|Any CPU
		{62CDE7B9-319A-4686-91C9-4D1F47BB2C32}.Release|Any CPU.Build.0 = Release|Any CPU
		{21ACDB60-6DAC-43E0-926B-9701D70C7CF8}.Debug|Any CPU.ActiveCfg = Debug|Any CPU
		{21ACDB60-6DAC-43E0-926B-9701D70C7CF8}.Debug|Any CPU.Build.0 = Debug|Any CPU
		{21ACDB60-6DAC-43E0-926B-9701D70C7CF8}.Release|Any CPU.ActiveCfg = Release|Any CPU
		{21ACDB60-6DAC-43E0-926B-9701D70C7CF8}.Release|Any CPU.Build.0 = Release|Any CPU
		{1B3DABC4-2D8E-42FD-AEFB-ED49ADEEC89C}.Debug|Any CPU.ActiveCfg = Debug|Any CPU
		{1B3DABC4-2D8E-42FD-AEFB-ED49ADEEC89C}.Debug|Any CPU.Build.0 = Debug|Any CPU
		{1B3DABC4-2D8E-42FD-AEFB-ED49ADEEC89C}.Release|Any CPU.ActiveCfg = Release|Any CPU
		{1B3DABC4-2D8E-42FD-AEFB-ED49ADEEC89C}.Release|Any CPU.Build.0 = Release|Any CPU
	EndGlobalSection
	GlobalSection(SolutionProperties) = preSolution
		HideSolutionNode = FALSE
	EndGlobalSection
	GlobalSection(NestedProjects) = preSolution
		{2A7C4865-072E-4857-8C76-1DD78E13E6C9} = {8E93025C-AA2A-4BB7-946C-0651B37578CC}
		{304AF65D-3674-445D-8D2C-B02B90EE3E0F} = {8E93025C-AA2A-4BB7-946C-0651B37578CC}
		{62CDE7B9-319A-4686-91C9-4D1F47BB2C32} = {8E93025C-AA2A-4BB7-946C-0651B37578CC}
		{21ACDB60-6DAC-43E0-926B-9701D70C7CF8} = {8E93025C-AA2A-4BB7-946C-0651B37578CC}
		{1B3DABC4-2D8E-42FD-AEFB-ED49ADEEC89C} = {8E93025C-AA2A-4BB7-946C-0651B37578CC}
	EndGlobalSection
	GlobalSection(ExtensibilityGlobals) = postSolution
		SolutionGuid = {946A59F6-41D0-487B-91D9-07CB9B4E5AF7}
	EndGlobalSection
EndGlobal
