
Microsoft Visual Studio Solution File, Format Version 12.00
# Visual Studio Version 17
VisualStudioVersion = 17.10.35013.160
MinimumVisualStudioVersion = 10.0.40219.1
Project("{2150E333-8FDC-42A3-9474-1A3956D46DE8}") = "SOLID", "SOLID", "{8E93025C-AA2A-4BB7-946C-0651B37578CC}"
EndProject
Project("{9A19103F-16F7-4668-BE54-9A1E7A4F7556}") = "SingleResponsibility", "SOLID\SingleResponsibility\SingleResponsibility.csproj", "{2A7C4865-072E-4857-8C76-1DD78E13E6C9}"
EndProject
Project("{9A19103F-16F7-4668-BE54-9A1E7A4F7556}") = "OpenClose", "SOLID\OpenClose\OpenClose.csproj", "{304AF65D-3674-445D-8D2C-B02B90EE3E0F}"
EndProject
Project("{9A19103F-16F7-4668-BE54-9A1E7A4F7556}") = "LiskovSubstitution", "SOLID\Liskov\LiskovSubstitution.csproj", "{62CDE7B9-319A-4686-91C9-4D1F47BB2C32}"
EndProject
Project("{9A19103F-16F7-4668-BE54-9A1E7A4F7556}") = "InterfaceSegregation", "SOLID\InterfaceSegregation\InterfaceSegregation.csproj", "{21ACDB60-6DAC-43E0-926B-9701D70C7CF8}"
EndProject
Project("{9A19103F-16F7-4668-BE54-9A1E7A4F7556}") = "DependencyInversion", "SOLID\DependencyInversion\DependencyInversion.csproj", "{1B3DABC4-2D8E-42FD-AEFB-ED49ADEEC89C}"
EndProject
Project("{2150E333-8FDC-42A3-9474-1A3956D46DE8}") = "CreationalDesignPatterns", "CreationalDesignPatterns", "{D7C2876C-C05D-4769-93A7-4CFB09CD20E9}"
EndProject
Project("{9A19103F-16F7-4668-BE54-9A1E7A4F7556}") = "Intro", "Intro\Intro.csproj", "{186213E6-165A-4F1E-A2E9-4603A6A64D26}"
EndProject
Project("{9A19103F-16F7-4668-BE54-9A1E7A4F7556}") = "Builder", "CreationalDesignPatterns\Builder\Builder.csproj", "{F617B184-EACE-4DCC-B52B-345844414CE4}"
EndProject
Project("{9A19103F-16F7-4668-BE54-9A1E7A4F7556}") = "Factory", "CreationalDesignPatterns\Factory\Factory.csproj", "{976A0457-20CA-4A62-8FAF-3968D96363CE}"
EndProject
Project("{9A19103F-16F7-4668-BE54-9A1E7A4F7556}") = "AbstractFactory", "CreationalDesignPatterns\AbstractFactory\AbstractFactory.csproj", "{5D4F7ACB-D42F-4C11-89EC-15355FD0D153}"
EndProject
Project("{9A19103F-16F7-4668-BE54-9A1E7A4F7556}") = "Prototype", "CreationalDesignPatterns\Prototype\Prototype.csproj", "{C620D478-A467-46FA-974F-F85DA0714514}"
EndProject
Project("{9A19103F-16F7-4668-BE54-9A1E7A4F7556}") = "Singleton", "CreationalDesignPatterns\Singleton\Singleton.csproj", "{93999342-33A4-4780-A2CC-A8EA4FE4058C}"
EndProject
Project("{2150E333-8FDC-42A3-9474-1A3956D46DE8}") = "BehavioralDesignPatterns", "BehavioralDesignPatterns", "{D630C5F6-D71A-4468-9476-9CA9083174FB}"
EndProject
Project("{FAE04EC0-301F-11D3-BF4B-00C04F79EFBC}") = "Strategy", "BehavioralDesignPatterns\Strategy\Strategy.csproj", "{67A8EA4C-CEAE-4A58-81DD-96E28225C0AB}"
EndProject
Project("{FAE04EC0-301F-11D3-BF4B-00C04F79EFBC}") = "Observer", "BehavioralDesignPatterns\Observer\Observer.csproj", "{BFCF502F-C025-4B08-BB0E-EAC96DA3A505}"
EndProject
Project("{FAE04EC0-301F-11D3-BF4B-00C04F79EFBC}") = "Mediator", "BehavioralDesignPatterns\Mediator\Mediator.csproj", "{D4459034-4E81-4A4B-B02E-B99133598FBD}"
EndProject
Project("{FAE04EC0-301F-11D3-BF4B-00C04F79EFBC}") = "ChainOfResponsibility", "BehavioralDesignPatterns\ChainOfResponsibility\ChainOfResponsibility.csproj", "{ED4834BA-B488-4F92-9EA1-66449D2BDD67}"
EndProject
Project("{FAE04EC0-301F-11D3-BF4B-00C04F79EFBC}") = "TemplateMethod", "BehavioralDesignPatterns\TemplateMethod\TemplateMethod.csproj", "{388B8478-CC64-4BB2-8421-4662067C4248}"
EndProject
Project("{FAE04EC0-301F-11D3-BF4B-00C04F79EFBC}") = "State", "BehavioralDesignPatterns\State\State.csproj", "{D3D60359-B8E4-433D-98FA-271854C6B488}"
EndProject
Global
	GlobalSection(SolutionConfigurationPlatforms) = preSolution
		Debug|Any CPU = Debug|Any CPU
		Release|Any CPU = Release|Any CPU
	EndGlobalSection
	GlobalSection(ProjectConfigurationPlatforms) = postSolution
		{2A7C4865-072E-4857-8C76-1DD78E13E6C9}.Debug|Any CPU.ActiveCfg = Debug|Any CPU
		{2A7C4865-072E-4857-8C76-1DD78E13E6C9}.Debug|Any CPU.Build.0 = Debug|Any CPU
		{2A7C4865-072E-4857-8C76-1DD78E13E6C9}.Release|Any CPU.ActiveCfg = Release|Any CPU
		{2A7C4865-072E-4857-8C76-1DD78E13E6C9}.Release|Any CPU.Build.0 = Release|Any CPU
		{304AF65D-3674-445D-8D2C-B02B90EE3E0F}.Debug|Any CPU.ActiveCfg = Debug|Any CPU
		{304AF65D-3674-445D-8D2C-B02B90EE3E0F}.Debug|Any CPU.Build.0 = Debug|Any CPU
		{304AF65D-3674-445D-8D2C-B02B90EE3E0F}.Release|Any CPU.ActiveCfg = Release|Any CPU
		{304AF65D-3674-445D-8D2C-B02B90EE3E0F}.Release|Any CPU.Build.0 = Release|Any CPU
		{62CDE7B9-319A-4686-91C9-4D1F47BB2C32}.Debug|Any CPU.ActiveCfg = Debug|Any CPU
		{62CDE7B9-319A-4686-91C9-4D1F47BB2C32}.Debug|Any CPU.Build.0 = Debug|Any CPU
		{62CDE7B9-319A-4686-91C9-4D1F47BB2C32}.Release|Any CPU.ActiveCfg = Release|Any CPU
		{62CDE7B9-319A-4686-91C9-4D1F47BB2C32}.Release|Any CPU.Build.0 = Release|Any CPU
		{21ACDB60-6DAC-43E0-926B-9701D70C7CF8}.Debug|Any CPU.ActiveCfg = Debug|Any CPU
		{21ACDB60-6DAC-43E0-926B-9701D70C7CF8}.Debug|Any CPU.Build.0 = Debug|Any CPU
		{21ACDB60-6DAC-43E0-926B-9701D70C7CF8}.Release|Any CPU.ActiveCfg = Release|Any CPU
		{21ACDB60-6DAC-43E0-926B-9701D70C7CF8}.Release|Any CPU.Build.0 = Release|Any CPU
		{1B3DABC4-2D8E-42FD-AEFB-ED49ADEEC89C}.Debug|Any CPU.ActiveCfg = Debug|Any CPU
		{1B3DABC4-2D8E-42FD-AEFB-ED49ADEEC89C}.Debug|Any CPU.Build.0 = Debug|Any CPU
		{1B3DABC4-2D8E-42FD-AEFB-ED49ADEEC89C}.Release|Any CPU.ActiveCfg = Release|Any CPU
		{1B3DABC4-2D8E-42FD-AEFB-ED49ADEEC89C}.Release|Any CPU.Build.0 = Release|Any CPU
		{186213E6-165A-4F1E-A2E9-4603A6A64D26}.Debug|Any CPU.ActiveCfg = Debug|Any CPU
		{186213E6-165A-4F1E-A2E9-4603A6A64D26}.Debug|Any CPU.Build.0 = Debug|Any CPU
		{186213E6-165A-4F1E-A2E9-4603A6A64D26}.Release|Any CPU.ActiveCfg = Release|Any CPU
		{186213E6-165A-4F1E-A2E9-4603A6A64D26}.Release|Any CPU.Build.0 = Release|Any CPU
		{F617B184-EACE-4DCC-B52B-345844414CE4}.Debug|Any CPU.ActiveCfg = Debug|Any CPU
		{F617B184-EACE-4DCC-B52B-345844414CE4}.Debug|Any CPU.Build.0 = Debug|Any CPU
		{F617B184-EACE-4DCC-B52B-345844414CE4}.Release|Any CPU.ActiveCfg = Release|Any CPU
		{F617B184-EACE-4DCC-B52B-345844414CE4}.Release|Any CPU.Build.0 = Release|Any CPU
		{976A0457-20CA-4A62-8FAF-3968D96363CE}.Debug|Any CPU.ActiveCfg = Debug|Any CPU
		{976A0457-20CA-4A62-8FAF-3968D96363CE}.Debug|Any CPU.Build.0 = Debug|Any CPU
		{976A0457-20CA-4A62-8FAF-3968D96363CE}.Release|Any CPU.ActiveCfg = Release|Any CPU
		{976A0457-20CA-4A62-8FAF-3968D96363CE}.Release|Any CPU.Build.0 = Release|Any CPU
		{5D4F7ACB-D42F-4C11-89EC-15355FD0D153}.Debug|Any CPU.ActiveCfg = Debug|Any CPU
		{5D4F7ACB-D42F-4C11-89EC-15355FD0D153}.Debug|Any CPU.Build.0 = Debug|Any CPU
		{5D4F7ACB-D42F-4C11-89EC-15355FD0D153}.Release|Any CPU.ActiveCfg = Release|Any CPU
		{5D4F7ACB-D42F-4C11-89EC-15355FD0D153}.Release|Any CPU.Build.0 = Release|Any CPU
		{C620D478-A467-46FA-974F-F85DA0714514}.Debug|Any CPU.ActiveCfg = Debug|Any CPU
		{C620D478-A467-46FA-974F-F85DA0714514}.Debug|Any CPU.Build.0 = Debug|Any CPU
		{C620D478-A467-46FA-974F-F85DA0714514}.Release|Any CPU.ActiveCfg = Release|Any CPU
		{C620D478-A467-46FA-974F-F85DA0714514}.Release|Any CPU.Build.0 = Release|Any CPU
		{93999342-33A4-4780-A2CC-A8EA4FE4058C}.Debug|Any CPU.ActiveCfg = Debug|Any CPU
		{93999342-33A4-4780-A2CC-A8EA4FE4058C}.Debug|Any CPU.Build.0 = Debug|Any CPU
		{93999342-33A4-4780-A2CC-A8EA4FE4058C}.Release|Any CPU.ActiveCfg = Release|Any CPU
		{93999342-33A4-4780-A2CC-A8EA4FE4058C}.Release|Any CPU.Build.0 = Release|Any CPU
		{67A8EA4C-CEAE-4A58-81DD-96E28225C0AB}.Debug|Any CPU.ActiveCfg = Debug|Any CPU
		{67A8EA4C-CEAE-4A58-81DD-96E28225C0AB}.Debug|Any CPU.Build.0 = Debug|Any CPU
		{67A8EA4C-CEAE-4A58-81DD-96E28225C0AB}.Release|Any CPU.ActiveCfg = Release|Any CPU
		{67A8EA4C-CEAE-4A58-81DD-96E28225C0AB}.Release|Any CPU.Build.0 = Release|Any CPU
		{BFCF502F-C025-4B08-BB0E-EAC96DA3A505}.Debug|Any CPU.ActiveCfg = Debug|Any CPU
		{BFCF502F-C025-4B08-BB0E-EAC96DA3A505}.Debug|Any CPU.Build.0 = Debug|Any CPU
		{BFCF502F-C025-4B08-BB0E-EAC96DA3A505}.Release|Any CPU.ActiveCfg = Release|Any CPU
		{BFCF502F-C025-4B08-BB0E-EAC96DA3A505}.Release|Any CPU.Build.0 = Release|Any CPU
		{D4459034-4E81-4A4B-B02E-B99133598FBD}.Debug|Any CPU.ActiveCfg = Debug|Any CPU
		{D4459034-4E81-4A4B-B02E-B99133598FBD}.Debug|Any CPU.Build.0 = Debug|Any CPU
		{D4459034-4E81-4A4B-B02E-B99133598FBD}.Release|Any CPU.ActiveCfg = Release|Any CPU
		{D4459034-4E81-4A4B-B02E-B99133598FBD}.Release|Any CPU.Build.0 = Release|Any CPU
		{ED4834BA-B488-4F92-9EA1-66449D2BDD67}.Debug|Any CPU.ActiveCfg = Debug|Any CPU
		{ED4834BA-B488-4F92-9EA1-66449D2BDD67}.Debug|Any CPU.Build.0 = Debug|Any CPU
		{ED4834BA-B488-4F92-9EA1-66449D2BDD67}.Release|Any CPU.ActiveCfg = Release|Any CPU
		{ED4834BA-B488-4F92-9EA1-66449D2BDD67}.Release|Any CPU.Build.0 = Release|Any CPU
		{388B8478-CC64-4BB2-8421-4662067C4248}.Debug|Any CPU.ActiveCfg = Debug|Any CPU
		{388B8478-CC64-4BB2-8421-4662067C4248}.Debug|Any CPU.Build.0 = Debug|Any CPU
		{388B8478-CC64-4BB2-8421-4662067C4248}.Release|Any CPU.ActiveCfg = Release|Any CPU
		{388B8478-CC64-4BB2-8421-4662067C4248}.Release|Any CPU.Build.0 = Release|Any CPU
		{D3D60359-B8E4-433D-98FA-271854C6B488}.Debug|Any CPU.ActiveCfg = Debug|Any CPU
		{D3D60359-B8E4-433D-98FA-271854C6B488}.Debug|Any CPU.Build.0 = Debug|Any CPU
		{D3D60359-B8E4-433D-98FA-271854C6B488}.Release|Any CPU.ActiveCfg = Release|Any CPU
		{D3D60359-B8E4-433D-98FA-271854C6B488}.Release|Any CPU.Build.0 = Release|Any CPU
	EndGlobalSection
	GlobalSection(SolutionProperties) = preSolution
		HideSolutionNode = FALSE
	EndGlobalSection
	GlobalSection(NestedProjects) = preSolution
		{2A7C4865-072E-4857-8C76-1DD78E13E6C9} = {8E93025C-AA2A-4BB7-946C-0651B37578CC}
		{304AF65D-3674-445D-8D2C-B02B90EE3E0F} = {8E93025C-AA2A-4BB7-946C-0651B37578CC}
		{62CDE7B9-319A-4686-91C9-4D1F47BB2C32} = {8E93025C-AA2A-4BB7-946C-0651B37578CC}
		{21ACDB60-6DAC-43E0-926B-9701D70C7CF8} = {8E93025C-AA2A-4BB7-946C-0651B37578CC}
		{1B3DABC4-2D8E-42FD-AEFB-ED49ADEEC89C} = {8E93025C-AA2A-4BB7-946C-0651B37578CC}
		{F617B184-EACE-4DCC-B52B-345844414CE4} = {D7C2876C-C05D-4769-93A7-4CFB09CD20E9}
		{976A0457-20CA-4A62-8FAF-3968D96363CE} = {D7C2876C-C05D-4769-93A7-4CFB09CD20E9}
		{5D4F7ACB-D42F-4C11-89EC-15355FD0D153} = {D7C2876C-C05D-4769-93A7-4CFB09CD20E9}
		{C620D478-A467-46FA-974F-F85DA0714514} = {D7C2876C-C05D-4769-93A7-4CFB09CD20E9}
		{93999342-33A4-4780-A2CC-A8EA4FE4058C} = {D7C2876C-C05D-4769-93A7-4CFB09CD20E9}
		{67A8EA4C-CEAE-4A58-81DD-96E28225C0AB} = {D630C5F6-D71A-4468-9476-9CA9083174FB}
		{BFCF502F-C025-4B08-BB0E-EAC96DA3A505} = {D630C5F6-D71A-4468-9476-9CA9083174FB}
		{D4459034-4E81-4A4B-B02E-B99133598FBD} = {D630C5F6-D71A-4468-9476-9CA9083174FB}
		{ED4834BA-B488-4F92-9EA1-66449D2BDD67} = {D630C5F6-D71A-4468-9476-9CA9083174FB}
		{388B8478-CC64-4BB2-8421-4662067C4248} = {D630C5F6-D71A-4468-9476-9CA9083174FB}
		{D3D60359-B8E4-433D-98FA-271854C6B488} = {D630C5F6-D71A-4468-9476-9CA9083174FB}
	EndGlobalSection
	GlobalSection(ExtensibilityGlobals) = postSolution
		SolutionGuid = {946A59F6-41D0-487B-91D9-07CB9B4E5AF7}
	EndGlobalSection
EndGlobal
